
Microsoft Visual Studio Solution File, Format Version 12.00
# Visual Studio Version 17
VisualStudioVersion = 17.10.35004.147
MinimumVisualStudioVersion = 10.0.40219.1
Project("{FAE04EC0-301F-11D3-BF4B-00C04F79EFBC}") = "tblProduct", "tblProduct\tblProduct.csproj", "{2291D2DE-0976-415A-8F01-1B8C3E002C36}"
EndProject
Global
	GlobalSection(SolutionConfigurationPlatforms) = preSolution
		Debug|Any CPU = Debug|Any CPU
		Release|Any CPU = Release|Any CPU
	EndGlobalSection
	GlobalSection(ProjectConfigurationPlatforms) = postSolution
		{2291D2DE-0976-415A-8F01-1B8C3E002C36}.Debug|Any CPU.ActiveCfg = Debug|Any CPU
		{2291D2DE-0976-415A-8F01-1B8C3E002C36}.Debug|Any CPU.Build.0 = Debug|Any CPU
		{2291D2DE-0976-415A-8F01-1B8C3E002C36}.Release|Any CPU.ActiveCfg = Release|Any CPU
		{2291D2DE-0976-415A-8F01-1B8C3E002C36}.Release|Any CPU.Build.0 = Release|Any CPU
	EndGlobalSection
	GlobalSection(SolutionProperties) = preSolution
		HideSolutionNode = FALSE
	EndGlobalSection
	GlobalSection(ExtensibilityGlobals) = postSolution
		SolutionGuid = {ABF9AE8F-A821-470B-8FBB-5CB99C4637BC}
	EndGlobalSection
EndGlobal
